// !$*UTF8*$!
{
	archiveVersion = 1;
	classes = {
	};
	objectVersion = 51;
	objects = {

/* Begin PBXBuildFile section */
		2C0D2968E5434B7515AD07F4 /* Pods_rxflow_test.framework in Frameworks */ = {isa = PBXBuildFile; fileRef = 606B122BF3A43E1C4D6CEAF3 /* Pods_rxflow_test.framework */; };
		6218085A26B13F120011A290 /* AppDelegate.swift in Sources */ = {isa = PBXBuildFile; fileRef = 6218085926B13F120011A290 /* AppDelegate.swift */; };
		6218085C26B13F120011A290 /* SceneDelegate.swift in Sources */ = {isa = PBXBuildFile; fileRef = 6218085B26B13F120011A290 /* SceneDelegate.swift */; };
		6218085E26B13F120011A290 /* LoginViewController.swift in Sources */ = {isa = PBXBuildFile; fileRef = 6218085D26B13F120011A290 /* LoginViewController.swift */; };
		6218086326B13F150011A290 /* Assets.xcassets in Resources */ = {isa = PBXBuildFile; fileRef = 6218086226B13F150011A290 /* Assets.xcassets */; };
		6218086626B13F150011A290 /* LaunchScreen.storyboard in Resources */ = {isa = PBXBuildFile; fileRef = 6218086426B13F150011A290 /* LaunchScreen.storyboard */; };
		6218087126B13F150011A290 /* rxflow_testTests.swift in Sources */ = {isa = PBXBuildFile; fileRef = 6218087026B13F150011A290 /* rxflow_testTests.swift */; };
		6218087C26B13F150011A290 /* rxflow_testUITests.swift in Sources */ = {isa = PBXBuildFile; fileRef = 6218087B26B13F150011A290 /* rxflow_testUITests.swift */; };
		6218089226B14DE70011A290 /* BaseViewController.swift in Sources */ = {isa = PBXBuildFile; fileRef = 6218089126B14DE70011A290 /* BaseViewController.swift */; };
		6218089426B151BB0011A290 /* DeviceType.swift in Sources */ = {isa = PBXBuildFile; fileRef = 6218089326B151BB0011A290 /* DeviceType.swift */; };
		6218089626B151D40011A290 /* UIViewPreview.swift in Sources */ = {isa = PBXBuildFile; fileRef = 6218089526B151D40011A290 /* UIViewPreview.swift */; };
		6218089826B151FF0011A290 /* UIViewControllerPreview.swift in Sources */ = {isa = PBXBuildFile; fileRef = 6218089726B151FF0011A290 /* UIViewControllerPreview.swift */; };
		6218089A26B152250011A290 /* Preview.swift in Sources */ = {isa = PBXBuildFile; fileRef = 6218089926B152250011A290 /* Preview.swift */; };
		6262C7BC26CD2C4D001D3E22 /* SampleAPI.swift in Sources */ = {isa = PBXBuildFile; fileRef = 6262C7BB26CD2C4D001D3E22 /* SampleAPI.swift */; };
		62FECC2326B292D400D1EADC /* DemoStep.swift in Sources */ = {isa = PBXBuildFile; fileRef = 62FECC2226B292D400D1EADC /* DemoStep.swift */; };
		62FECC2526B2954700D1EADC /* AppFlow.swift in Sources */ = {isa = PBXBuildFile; fileRef = 62FECC2426B2954700D1EADC /* AppFlow.swift */; };
		62FECC2826B2DB9900D1EADC /* LoginViewReactor.swift in Sources */ = {isa = PBXBuildFile; fileRef = 62FECC2726B2DB9900D1EADC /* LoginViewReactor.swift */; };
		62FECC2B26B2EEA400D1EADC /* HomeViewController.swift in Sources */ = {isa = PBXBuildFile; fileRef = 62FECC2A26B2EEA400D1EADC /* HomeViewController.swift */; };
		62FECC2D26B2EEE900D1EADC /* HomeViewReactor.swift in Sources */ = {isa = PBXBuildFile; fileRef = 62FECC2C26B2EEE900D1EADC /* HomeViewReactor.swift */; };
		62FECC2F26B43DE400D1EADC /* LoginFlow.swift in Sources */ = {isa = PBXBuildFile; fileRef = 62FECC2E26B43DE400D1EADC /* LoginFlow.swift */; };
		62FECC3126B52C9F00D1EADC /* HomeFlow.swift in Sources */ = {isa = PBXBuildFile; fileRef = 62FECC3026B52C9F00D1EADC /* HomeFlow.swift */; };
		70F94C631BE2121874ABB053 /* Pods_rxflow_testTests.framework in Frameworks */ = {isa = PBXBuildFile; fileRef = AA6B24944640BD9EA047C97E /* Pods_rxflow_testTests.framework */; };
		8DCC0505366763AA6546EFFB /* Pods_rxflow_test_rxflow_testUITests.framework in Frameworks */ = {isa = PBXBuildFile; fileRef = 338330D2918CAD906F70780F /* Pods_rxflow_test_rxflow_testUITests.framework */; };
/* End PBXBuildFile section */

/* Begin PBXContainerItemProxy section */
		6218086D26B13F150011A290 /* PBXContainerItemProxy */ = {
			isa = PBXContainerItemProxy;
			containerPortal = 6218084E26B13F120011A290 /* Project object */;
			proxyType = 1;
			remoteGlobalIDString = 6218085526B13F120011A290;
			remoteInfo = "rxflow-test";
		};
		6218087826B13F150011A290 /* PBXContainerItemProxy */ = {
			isa = PBXContainerItemProxy;
			containerPortal = 6218084E26B13F120011A290 /* Project object */;
			proxyType = 1;
			remoteGlobalIDString = 6218085526B13F120011A290;
			remoteInfo = "rxflow-test";
		};
/* End PBXContainerItemProxy section */

/* Begin PBXFileReference section */
		338330D2918CAD906F70780F /* Pods_rxflow_test_rxflow_testUITests.framework */ = {isa = PBXFileReference; explicitFileType = wrapper.framework; includeInIndex = 0; path = Pods_rxflow_test_rxflow_testUITests.framework; sourceTree = BUILT_PRODUCTS_DIR; };
		3560D73781BF0AB08701F104 /* Pods-rxflow-testTests.release.xcconfig */ = {isa = PBXFileReference; includeInIndex = 1; lastKnownFileType = text.xcconfig; name = "Pods-rxflow-testTests.release.xcconfig"; path = "Target Support Files/Pods-rxflow-testTests/Pods-rxflow-testTests.release.xcconfig"; sourceTree = "<group>"; };
		606B122BF3A43E1C4D6CEAF3 /* Pods_rxflow_test.framework */ = {isa = PBXFileReference; explicitFileType = wrapper.framework; includeInIndex = 0; path = Pods_rxflow_test.framework; sourceTree = BUILT_PRODUCTS_DIR; };
		6218085626B13F120011A290 /* rxflow-test.app */ = {isa = PBXFileReference; explicitFileType = wrapper.application; includeInIndex = 0; path = "rxflow-test.app"; sourceTree = BUILT_PRODUCTS_DIR; };
		6218085926B13F120011A290 /* AppDelegate.swift */ = {isa = PBXFileReference; lastKnownFileType = sourcecode.swift; path = AppDelegate.swift; sourceTree = "<group>"; };
		6218085B26B13F120011A290 /* SceneDelegate.swift */ = {isa = PBXFileReference; lastKnownFileType = sourcecode.swift; path = SceneDelegate.swift; sourceTree = "<group>"; };
		6218085D26B13F120011A290 /* LoginViewController.swift */ = {isa = PBXFileReference; lastKnownFileType = sourcecode.swift; path = LoginViewController.swift; sourceTree = "<group>"; };
		6218086226B13F150011A290 /* Assets.xcassets */ = {isa = PBXFileReference; lastKnownFileType = folder.assetcatalog; path = Assets.xcassets; sourceTree = "<group>"; };
		6218086526B13F150011A290 /* Base */ = {isa = PBXFileReference; lastKnownFileType = file.storyboard; name = Base; path = Base.lproj/LaunchScreen.storyboard; sourceTree = "<group>"; };
		6218086726B13F150011A290 /* Info.plist */ = {isa = PBXFileReference; lastKnownFileType = text.plist.xml; path = Info.plist; sourceTree = "<group>"; };
		6218086C26B13F150011A290 /* rxflow-testTests.xctest */ = {isa = PBXFileReference; explicitFileType = wrapper.cfbundle; includeInIndex = 0; path = "rxflow-testTests.xctest"; sourceTree = BUILT_PRODUCTS_DIR; };
		6218087026B13F150011A290 /* rxflow_testTests.swift */ = {isa = PBXFileReference; lastKnownFileType = sourcecode.swift; path = rxflow_testTests.swift; sourceTree = "<group>"; };
		6218087226B13F150011A290 /* Info.plist */ = {isa = PBXFileReference; lastKnownFileType = text.plist.xml; path = Info.plist; sourceTree = "<group>"; };
		6218087726B13F150011A290 /* rxflow-testUITests.xctest */ = {isa = PBXFileReference; explicitFileType = wrapper.cfbundle; includeInIndex = 0; path = "rxflow-testUITests.xctest"; sourceTree = BUILT_PRODUCTS_DIR; };
		6218087B26B13F150011A290 /* rxflow_testUITests.swift */ = {isa = PBXFileReference; lastKnownFileType = sourcecode.swift; path = rxflow_testUITests.swift; sourceTree = "<group>"; };
		6218087D26B13F150011A290 /* Info.plist */ = {isa = PBXFileReference; lastKnownFileType = text.plist.xml; path = Info.plist; sourceTree = "<group>"; };
		6218089126B14DE70011A290 /* BaseViewController.swift */ = {isa = PBXFileReference; lastKnownFileType = sourcecode.swift; path = BaseViewController.swift; sourceTree = "<group>"; };
		6218089326B151BB0011A290 /* DeviceType.swift */ = {isa = PBXFileReference; lastKnownFileType = sourcecode.swift; path = DeviceType.swift; sourceTree = "<group>"; };
		6218089526B151D40011A290 /* UIViewPreview.swift */ = {isa = PBXFileReference; lastKnownFileType = sourcecode.swift; path = UIViewPreview.swift; sourceTree = "<group>"; };
		6218089726B151FF0011A290 /* UIViewControllerPreview.swift */ = {isa = PBXFileReference; lastKnownFileType = sourcecode.swift; path = UIViewControllerPreview.swift; sourceTree = "<group>"; };
		6218089926B152250011A290 /* Preview.swift */ = {isa = PBXFileReference; lastKnownFileType = sourcecode.swift; path = Preview.swift; sourceTree = "<group>"; };
		6262C7BB26CD2C4D001D3E22 /* SampleAPI.swift */ = {isa = PBXFileReference; lastKnownFileType = sourcecode.swift; path = SampleAPI.swift; sourceTree = "<group>"; };
		62FECC2226B292D400D1EADC /* DemoStep.swift */ = {isa = PBXFileReference; lastKnownFileType = sourcecode.swift; path = DemoStep.swift; sourceTree = "<group>"; };
		62FECC2426B2954700D1EADC /* AppFlow.swift */ = {isa = PBXFileReference; lastKnownFileType = sourcecode.swift; path = AppFlow.swift; sourceTree = "<group>"; };
		62FECC2726B2DB9900D1EADC /* LoginViewReactor.swift */ = {isa = PBXFileReference; lastKnownFileType = sourcecode.swift; path = LoginViewReactor.swift; sourceTree = "<group>"; };
		62FECC2A26B2EEA400D1EADC /* HomeViewController.swift */ = {isa = PBXFileReference; lastKnownFileType = sourcecode.swift; path = HomeViewController.swift; sourceTree = "<group>"; };
		62FECC2C26B2EEE900D1EADC /* HomeViewReactor.swift */ = {isa = PBXFileReference; lastKnownFileType = sourcecode.swift; path = HomeViewReactor.swift; sourceTree = "<group>"; };
		62FECC2E26B43DE400D1EADC /* LoginFlow.swift */ = {isa = PBXFileReference; lastKnownFileType = sourcecode.swift; path = LoginFlow.swift; sourceTree = "<group>"; };
		62FECC3026B52C9F00D1EADC /* HomeFlow.swift */ = {isa = PBXFileReference; lastKnownFileType = sourcecode.swift; path = HomeFlow.swift; sourceTree = "<group>"; };
		62FECC3326B6C8A400D1EADC /* Network.swift */ = {isa = PBXFileReference; lastKnownFileType = sourcecode.swift; path = Network.swift; sourceTree = "<group>"; };
		67B8BF8A08E41D01C152666C /* Pods-rxflow-test-rxflow-testUITests.release.xcconfig */ = {isa = PBXFileReference; includeInIndex = 1; lastKnownFileType = text.xcconfig; name = "Pods-rxflow-test-rxflow-testUITests.release.xcconfig"; path = "Target Support Files/Pods-rxflow-test-rxflow-testUITests/Pods-rxflow-test-rxflow-testUITests.release.xcconfig"; sourceTree = "<group>"; };
		A765D3103206E40C81B55B8E /* Pods-rxflow-test.release.xcconfig */ = {isa = PBXFileReference; includeInIndex = 1; lastKnownFileType = text.xcconfig; name = "Pods-rxflow-test.release.xcconfig"; path = "Target Support Files/Pods-rxflow-test/Pods-rxflow-test.release.xcconfig"; sourceTree = "<group>"; };
		AA6B24944640BD9EA047C97E /* Pods_rxflow_testTests.framework */ = {isa = PBXFileReference; explicitFileType = wrapper.framework; includeInIndex = 0; path = Pods_rxflow_testTests.framework; sourceTree = BUILT_PRODUCTS_DIR; };
		B42E9FACCC6738E571E9B03D /* Pods-rxflow-test.debug.xcconfig */ = {isa = PBXFileReference; includeInIndex = 1; lastKnownFileType = text.xcconfig; name = "Pods-rxflow-test.debug.xcconfig"; path = "Target Support Files/Pods-rxflow-test/Pods-rxflow-test.debug.xcconfig"; sourceTree = "<group>"; };
		D7727676CC564F9761DE9266 /* Pods-rxflow-test-rxflow-testUITests.debug.xcconfig */ = {isa = PBXFileReference; includeInIndex = 1; lastKnownFileType = text.xcconfig; name = "Pods-rxflow-test-rxflow-testUITests.debug.xcconfig"; path = "Target Support Files/Pods-rxflow-test-rxflow-testUITests/Pods-rxflow-test-rxflow-testUITests.debug.xcconfig"; sourceTree = "<group>"; };
		F36A62A8844F3BF17AEB003B /* Pods-rxflow-testTests.debug.xcconfig */ = {isa = PBXFileReference; includeInIndex = 1; lastKnownFileType = text.xcconfig; name = "Pods-rxflow-testTests.debug.xcconfig"; path = "Target Support Files/Pods-rxflow-testTests/Pods-rxflow-testTests.debug.xcconfig"; sourceTree = "<group>"; };
/* End PBXFileReference section */

/* Begin PBXFrameworksBuildPhase section */
		6218085326B13F120011A290 /* Frameworks */ = {
			isa = PBXFrameworksBuildPhase;
			buildActionMask = 2147483647;
			files = (
				2C0D2968E5434B7515AD07F4 /* Pods_rxflow_test.framework in Frameworks */,
			);
			runOnlyForDeploymentPostprocessing = 0;
		};
		6218086926B13F150011A290 /* Frameworks */ = {
			isa = PBXFrameworksBuildPhase;
			buildActionMask = 2147483647;
			files = (
				70F94C631BE2121874ABB053 /* Pods_rxflow_testTests.framework in Frameworks */,
			);
			runOnlyForDeploymentPostprocessing = 0;
		};
		6218087426B13F150011A290 /* Frameworks */ = {
			isa = PBXFrameworksBuildPhase;
			buildActionMask = 2147483647;
			files = (
				8DCC0505366763AA6546EFFB /* Pods_rxflow_test_rxflow_testUITests.framework in Frameworks */,
			);
			runOnlyForDeploymentPostprocessing = 0;
		};
/* End PBXFrameworksBuildPhase section */

/* Begin PBXGroup section */
		081B0CD7FC0C4AD59B13749A /* Pods */ = {
			isa = PBXGroup;
			children = (
				B42E9FACCC6738E571E9B03D /* Pods-rxflow-test.debug.xcconfig */,
				A765D3103206E40C81B55B8E /* Pods-rxflow-test.release.xcconfig */,
				D7727676CC564F9761DE9266 /* Pods-rxflow-test-rxflow-testUITests.debug.xcconfig */,
				67B8BF8A08E41D01C152666C /* Pods-rxflow-test-rxflow-testUITests.release.xcconfig */,
				F36A62A8844F3BF17AEB003B /* Pods-rxflow-testTests.debug.xcconfig */,
				3560D73781BF0AB08701F104 /* Pods-rxflow-testTests.release.xcconfig */,
			);
			path = Pods;
			sourceTree = "<group>";
		};
		6218084D26B13F120011A290 = {
			isa = PBXGroup;
			children = (
				6218085826B13F120011A290 /* rxflow-test */,
				6218086F26B13F150011A290 /* rxflow-testTests */,
				6218087A26B13F150011A290 /* rxflow-testUITests */,
				6218085726B13F120011A290 /* Products */,
				081B0CD7FC0C4AD59B13749A /* Pods */,
				86F3BE0CBC53CAE951957EFD /* Frameworks */,
			);
			sourceTree = "<group>";
		};
		6218085726B13F120011A290 /* Products */ = {
			isa = PBXGroup;
			children = (
				6218085626B13F120011A290 /* rxflow-test.app */,
				6218086C26B13F150011A290 /* rxflow-testTests.xctest */,
				6218087726B13F150011A290 /* rxflow-testUITests.xctest */,
			);
			name = Products;
			sourceTree = "<group>";
		};
		6218085826B13F120011A290 /* rxflow-test */ = {
			isa = PBXGroup;
			children = (
				6218089926B152250011A290 /* Preview.swift */,
				6218088926B1404C0011A290 /* Source */,
				6218088A26B140540011A290 /* Resource */,
				6218088B26B1405B0011A290 /* SupportingFiles */,
			);
			path = "rxflow-test";
			sourceTree = "<group>";
		};
		6218086F26B13F150011A290 /* rxflow-testTests */ = {
			isa = PBXGroup;
			children = (
				6218087026B13F150011A290 /* rxflow_testTests.swift */,
				6218087226B13F150011A290 /* Info.plist */,
			);
			path = "rxflow-testTests";
			sourceTree = "<group>";
		};
		6218087A26B13F150011A290 /* rxflow-testUITests */ = {
			isa = PBXGroup;
			children = (
				6218087B26B13F150011A290 /* rxflow_testUITests.swift */,
				6218087D26B13F150011A290 /* Info.plist */,
			);
			path = "rxflow-testUITests";
			sourceTree = "<group>";
		};
		6218088926B1404C0011A290 /* Source */ = {
			isa = PBXGroup;
			children = (
				6218085926B13F120011A290 /* AppDelegate.swift */,
				6218085B26B13F120011A290 /* SceneDelegate.swift */,
				62FECC2126B2928300D1EADC /* Flow */,
				6218088D26B140970011A290 /* ViewController */,
				6218088C26B1408D0011A290 /* View */,
				6218088E26B140B40011A290 /* Model */,
				62FECC3226B6C65C00D1EADC /* Network */,
				6218088F26B140C30011A290 /* Abstract */,
				6218089026B140EA0011A290 /* Utils */,
			);
			path = Source;
			sourceTree = "<group>";
		};
		6218088A26B140540011A290 /* Resource */ = {
			isa = PBXGroup;
			children = (
				6218086226B13F150011A290 /* Assets.xcassets */,
				6218086426B13F150011A290 /* LaunchScreen.storyboard */,
			);
			path = Resource;
			sourceTree = "<group>";
		};
		6218088B26B1405B0011A290 /* SupportingFiles */ = {
			isa = PBXGroup;
			children = (
				6218086726B13F150011A290 /* Info.plist */,
			);
			path = SupportingFiles;
			sourceTree = "<group>";
		};
		6218088C26B1408D0011A290 /* View */ = {
			isa = PBXGroup;
			children = (
			);
			path = View;
			sourceTree = "<group>";
		};
		6218088D26B140970011A290 /* ViewController */ = {
			isa = PBXGroup;
			children = (
				62FECC2626B2B5C000D1EADC /* Login */,
				62FECC2926B2EDDF00D1EADC /* Home */,
			);
			path = ViewController;
			sourceTree = "<group>";
		};
		6218088E26B140B40011A290 /* Model */ = {
			isa = PBXGroup;
			children = (
			);
			path = Model;
			sourceTree = "<group>";
		};
		6218088F26B140C30011A290 /* Abstract */ = {
			isa = PBXGroup;
			children = (
				6218089126B14DE70011A290 /* BaseViewController.swift */,
			);
			path = Abstract;
			sourceTree = "<group>";
		};
		6218089026B140EA0011A290 /* Utils */ = {
			isa = PBXGroup;
			children = (
				6218089726B151FF0011A290 /* UIViewControllerPreview.swift */,
				6218089526B151D40011A290 /* UIViewPreview.swift */,
				6218089326B151BB0011A290 /* DeviceType.swift */,
			);
			path = Utils;
			sourceTree = "<group>";
		};
		6262C7BA26CD2C27001D3E22 /* API */ = {
			isa = PBXGroup;
			children = (
				6262C7BB26CD2C4D001D3E22 /* SampleAPI.swift */,
			);
			path = API;
			sourceTree = "<group>";
		};
		62FECC2126B2928300D1EADC /* Flow */ = {
			isa = PBXGroup;
			children = (
				62FECC2226B292D400D1EADC /* DemoStep.swift */,
				62FECC2426B2954700D1EADC /* AppFlow.swift */,
				62FECC2E26B43DE400D1EADC /* LoginFlow.swift */,
				62FECC3026B52C9F00D1EADC /* HomeFlow.swift */,
			);
			path = Flow;
			sourceTree = "<group>";
		};
		62FECC2626B2B5C000D1EADC /* Login */ = {
			isa = PBXGroup;
			children = (
				6218085D26B13F120011A290 /* LoginViewController.swift */,
				62FECC2726B2DB9900D1EADC /* LoginViewReactor.swift */,
			);
			path = Login;
			sourceTree = "<group>";
		};
		62FECC2926B2EDDF00D1EADC /* Home */ = {
			isa = PBXGroup;
			children = (
				62FECC2A26B2EEA400D1EADC /* HomeViewController.swift */,
				62FECC2C26B2EEE900D1EADC /* HomeViewReactor.swift */,
			);
			path = Home;
			sourceTree = "<group>";
		};
		62FECC3226B6C65C00D1EADC /* Network */ = {
			isa = PBXGroup;
			children = (
				62FECC3326B6C8A400D1EADC /* Network.swift */,
				6262C7BA26CD2C27001D3E22 /* API */,
			);
			path = Network;
			sourceTree = "<group>";
		};
		86F3BE0CBC53CAE951957EFD /* Frameworks */ = {
			isa = PBXGroup;
			children = (
				606B122BF3A43E1C4D6CEAF3 /* Pods_rxflow_test.framework */,
				338330D2918CAD906F70780F /* Pods_rxflow_test_rxflow_testUITests.framework */,
				AA6B24944640BD9EA047C97E /* Pods_rxflow_testTests.framework */,
			);
			name = Frameworks;
			sourceTree = "<group>";
		};
/* End PBXGroup section */

/* Begin PBXNativeTarget section */
		6218085526B13F120011A290 /* rxflow-test */ = {
			isa = PBXNativeTarget;
			buildConfigurationList = 6218088026B13F150011A290 /* Build configuration list for PBXNativeTarget "rxflow-test" */;
			buildPhases = (
				838471E5A21EE41A4F51A64E /* [CP] Check Pods Manifest.lock */,
				6218085226B13F120011A290 /* Sources */,
				6218085326B13F120011A290 /* Frameworks */,
				6218085426B13F120011A290 /* Resources */,
				210B6E52B43711E62BFE67C7 /* [CP] Embed Pods Frameworks */,
			);
			buildRules = (
			);
			dependencies = (
			);
			name = "rxflow-test";
			productName = "rxflow-test";
			productReference = 6218085626B13F120011A290 /* rxflow-test.app */;
			productType = "com.apple.product-type.application";
		};
		6218086B26B13F150011A290 /* rxflow-testTests */ = {
			isa = PBXNativeTarget;
			buildConfigurationList = 6218088326B13F150011A290 /* Build configuration list for PBXNativeTarget "rxflow-testTests" */;
			buildPhases = (
				C7A536ABAAA8FFFF5D3C1428 /* [CP] Check Pods Manifest.lock */,
				6218086826B13F150011A290 /* Sources */,
				6218086926B13F150011A290 /* Frameworks */,
				6218086A26B13F150011A290 /* Resources */,
			);
			buildRules = (
			);
			dependencies = (
				6218086E26B13F150011A290 /* PBXTargetDependency */,
			);
			name = "rxflow-testTests";
			productName = "rxflow-testTests";
			productReference = 6218086C26B13F150011A290 /* rxflow-testTests.xctest */;
			productType = "com.apple.product-type.bundle.unit-test";
		};
		6218087626B13F150011A290 /* rxflow-testUITests */ = {
			isa = PBXNativeTarget;
			buildConfigurationList = 6218088626B13F150011A290 /* Build configuration list for PBXNativeTarget "rxflow-testUITests" */;
			buildPhases = (
				18014B539F8AB480B2E4E967 /* [CP] Check Pods Manifest.lock */,
				6218087326B13F150011A290 /* Sources */,
				6218087426B13F150011A290 /* Frameworks */,
				6218087526B13F150011A290 /* Resources */,
				46C9005536515E248AA43575 /* [CP] Embed Pods Frameworks */,
			);
			buildRules = (
			);
			dependencies = (
				6218087926B13F150011A290 /* PBXTargetDependency */,
			);
			name = "rxflow-testUITests";
			productName = "rxflow-testUITests";
			productReference = 6218087726B13F150011A290 /* rxflow-testUITests.xctest */;
			productType = "com.apple.product-type.bundle.ui-testing";
		};
/* End PBXNativeTarget section */

/* Begin PBXProject section */
		6218084E26B13F120011A290 /* Project object */ = {
			isa = PBXProject;
			attributes = {
				LastSwiftUpdateCheck = 1250;
				LastUpgradeCheck = 1250;
				TargetAttributes = {
					6218085526B13F120011A290 = {
						CreatedOnToolsVersion = 12.5.1;
					};
					6218086B26B13F150011A290 = {
						CreatedOnToolsVersion = 12.5.1;
						TestTargetID = 6218085526B13F120011A290;
					};
					6218087626B13F150011A290 = {
						CreatedOnToolsVersion = 12.5.1;
						TestTargetID = 6218085526B13F120011A290;
					};
				};
			};
			buildConfigurationList = 6218085126B13F120011A290 /* Build configuration list for PBXProject "rxflow-test" */;
			compatibilityVersion = "Xcode 9.3";
			developmentRegion = en;
			hasScannedForEncodings = 0;
			knownRegions = (
				en,
				Base,
			);
			mainGroup = 6218084D26B13F120011A290;
			productRefGroup = 6218085726B13F120011A290 /* Products */;
			projectDirPath = "";
			projectRoot = "";
			targets = (
				6218085526B13F120011A290 /* rxflow-test */,
				6218086B26B13F150011A290 /* rxflow-testTests */,
				6218087626B13F150011A290 /* rxflow-testUITests */,
			);
		};
/* End PBXProject section */

/* Begin PBXResourcesBuildPhase section */
		6218085426B13F120011A290 /* Resources */ = {
			isa = PBXResourcesBuildPhase;
			buildActionMask = 2147483647;
			files = (
				6218086626B13F150011A290 /* LaunchScreen.storyboard in Resources */,
				6218086326B13F150011A290 /* Assets.xcassets in Resources */,
			);
			runOnlyForDeploymentPostprocessing = 0;
		};
		6218086A26B13F150011A290 /* Resources */ = {
			isa = PBXResourcesBuildPhase;
			buildActionMask = 2147483647;
			files = (
			);
			runOnlyForDeploymentPostprocessing = 0;
		};
		6218087526B13F150011A290 /* Resources */ = {
			isa = PBXResourcesBuildPhase;
			buildActionMask = 2147483647;
			files = (
			);
			runOnlyForDeploymentPostprocessing = 0;
		};
/* End PBXResourcesBuildPhase section */

/* Begin PBXShellScriptBuildPhase section */
		18014B539F8AB480B2E4E967 /* [CP] Check Pods Manifest.lock */ = {
			isa = PBXShellScriptBuildPhase;
			buildActionMask = 2147483647;
			files = (
			);
			inputFileListPaths = (
			);
			inputPaths = (
				"${PODS_PODFILE_DIR_PATH}/Podfile.lock",
				"${PODS_ROOT}/Manifest.lock",
			);
			name = "[CP] Check Pods Manifest.lock";
			outputFileListPaths = (
			);
			outputPaths = (
				"$(DERIVED_FILE_DIR)/Pods-rxflow-test-rxflow-testUITests-checkManifestLockResult.txt",
			);
			runOnlyForDeploymentPostprocessing = 0;
			shellPath = /bin/sh;
			shellScript = "diff \"${PODS_PODFILE_DIR_PATH}/Podfile.lock\" \"${PODS_ROOT}/Manifest.lock\" > /dev/null\nif [ $? != 0 ] ; then\n    # print error to STDERR\n    echo \"error: The sandbox is not in sync with the Podfile.lock. Run 'pod install' or update your CocoaPods installation.\" >&2\n    exit 1\nfi\n# This output is used by Xcode 'outputs' to avoid re-running this script phase.\necho \"SUCCESS\" > \"${SCRIPT_OUTPUT_FILE_0}\"\n";
			showEnvVarsInLog = 0;
		};
		210B6E52B43711E62BFE67C7 /* [CP] Embed Pods Frameworks */ = {
			isa = PBXShellScriptBuildPhase;
			buildActionMask = 2147483647;
			files = (
			);
			inputFileListPaths = (
				"${PODS_ROOT}/Target Support Files/Pods-rxflow-test/Pods-rxflow-test-frameworks-${CONFIGURATION}-input-files.xcfilelist",
			);
			name = "[CP] Embed Pods Frameworks";
			outputFileListPaths = (
				"${PODS_ROOT}/Target Support Files/Pods-rxflow-test/Pods-rxflow-test-frameworks-${CONFIGURATION}-output-files.xcfilelist",
			);
			runOnlyForDeploymentPostprocessing = 0;
			shellPath = /bin/sh;
			shellScript = "\"${PODS_ROOT}/Target Support Files/Pods-rxflow-test/Pods-rxflow-test-frameworks.sh\"\n";
			showEnvVarsInLog = 0;
		};
		46C9005536515E248AA43575 /* [CP] Embed Pods Frameworks */ = {
			isa = PBXShellScriptBuildPhase;
			buildActionMask = 2147483647;
			files = (
			);
			inputFileListPaths = (
				"${PODS_ROOT}/Target Support Files/Pods-rxflow-test-rxflow-testUITests/Pods-rxflow-test-rxflow-testUITests-frameworks-${CONFIGURATION}-input-files.xcfilelist",
			);
			name = "[CP] Embed Pods Frameworks";
			outputFileListPaths = (
				"${PODS_ROOT}/Target Support Files/Pods-rxflow-test-rxflow-testUITests/Pods-rxflow-test-rxflow-testUITests-frameworks-${CONFIGURATION}-output-files.xcfilelist",
			);
			runOnlyForDeploymentPostprocessing = 0;
			shellPath = /bin/sh;
			shellScript = "\"${PODS_ROOT}/Target Support Files/Pods-rxflow-test-rxflow-testUITests/Pods-rxflow-test-rxflow-testUITests-frameworks.sh\"\n";
			showEnvVarsInLog = 0;
		};
		838471E5A21EE41A4F51A64E /* [CP] Check Pods Manifest.lock */ = {
			isa = PBXShellScriptBuildPhase;
			buildActionMask = 2147483647;
			files = (
			);
			inputFileListPaths = (
			);
			inputPaths = (
				"${PODS_PODFILE_DIR_PATH}/Podfile.lock",
				"${PODS_ROOT}/Manifest.lock",
			);
			name = "[CP] Check Pods Manifest.lock";
			outputFileListPaths = (
			);
			outputPaths = (
				"$(DERIVED_FILE_DIR)/Pods-rxflow-test-checkManifestLockResult.txt",
			);
			runOnlyForDeploymentPostprocessing = 0;
			shellPath = /bin/sh;
			shellScript = "diff \"${PODS_PODFILE_DIR_PATH}/Podfile.lock\" \"${PODS_ROOT}/Manifest.lock\" > /dev/null\nif [ $? != 0 ] ; then\n    # print error to STDERR\n    echo \"error: The sandbox is not in sync with the Podfile.lock. Run 'pod install' or update your CocoaPods installation.\" >&2\n    exit 1\nfi\n# This output is used by Xcode 'outputs' to avoid re-running this script phase.\necho \"SUCCESS\" > \"${SCRIPT_OUTPUT_FILE_0}\"\n";
			showEnvVarsInLog = 0;
		};
		C7A536ABAAA8FFFF5D3C1428 /* [CP] Check Pods Manifest.lock */ = {
			isa = PBXShellScriptBuildPhase;
			buildActionMask = 2147483647;
			files = (
			);
			inputFileListPaths = (
			);
			inputPaths = (
				"${PODS_PODFILE_DIR_PATH}/Podfile.lock",
				"${PODS_ROOT}/Manifest.lock",
			);
			name = "[CP] Check Pods Manifest.lock";
			outputFileListPaths = (
			);
			outputPaths = (
				"$(DERIVED_FILE_DIR)/Pods-rxflow-testTests-checkManifestLockResult.txt",
			);
			runOnlyForDeploymentPostprocessing = 0;
			shellPath = /bin/sh;
			shellScript = "diff \"${PODS_PODFILE_DIR_PATH}/Podfile.lock\" \"${PODS_ROOT}/Manifest.lock\" > /dev/null\nif [ $? != 0 ] ; then\n    # print error to STDERR\n    echo \"error: The sandbox is not in sync with the Podfile.lock. Run 'pod install' or update your CocoaPods installation.\" >&2\n    exit 1\nfi\n# This output is used by Xcode 'outputs' to avoid re-running this script phase.\necho \"SUCCESS\" > \"${SCRIPT_OUTPUT_FILE_0}\"\n";
			showEnvVarsInLog = 0;
		};
/* End PBXShellScriptBuildPhase section */

/* Begin PBXSourcesBuildPhase section */
		6218085226B13F120011A290 /* Sources */ = {
			isa = PBXSourcesBuildPhase;
			buildActionMask = 2147483647;
			files = (
				6218085E26B13F120011A290 /* LoginViewController.swift in Sources */,
				6218089226B14DE70011A290 /* BaseViewController.swift in Sources */,
				6218089A26B152250011A290 /* Preview.swift in Sources */,
				62FECC2526B2954700D1EADC /* AppFlow.swift in Sources */,
				62FECC2826B2DB9900D1EADC /* LoginViewReactor.swift in Sources */,
				62FECC2F26B43DE400D1EADC /* LoginFlow.swift in Sources */,
				6262C7BC26CD2C4D001D3E22 /* SampleAPI.swift in Sources */,
				6218085A26B13F120011A290 /* AppDelegate.swift in Sources */,
				62FECC3126B52C9F00D1EADC /* HomeFlow.swift in Sources */,
				6218089826B151FF0011A290 /* UIViewControllerPreview.swift in Sources */,
				62FECC2D26B2EEE900D1EADC /* HomeViewReactor.swift in Sources */,
				6218085C26B13F120011A290 /* SceneDelegate.swift in Sources */,
				62FECC2326B292D400D1EADC /* DemoStep.swift in Sources */,
				6218089426B151BB0011A290 /* DeviceType.swift in Sources */,
				6218089626B151D40011A290 /* UIViewPreview.swift in Sources */,
				62FECC2B26B2EEA400D1EADC /* HomeViewController.swift in Sources */,
			);
			runOnlyForDeploymentPostprocessing = 0;
		};
		6218086826B13F150011A290 /* Sources */ = {
			isa = PBXSourcesBuildPhase;
			buildActionMask = 2147483647;
			files = (
				6218087126B13F150011A290 /* rxflow_testTests.swift in Sources */,
			);
			runOnlyForDeploymentPostprocessing = 0;
		};
		6218087326B13F150011A290 /* Sources */ = {
			isa = PBXSourcesBuildPhase;
			buildActionMask = 2147483647;
			files = (
				6218087C26B13F150011A290 /* rxflow_testUITests.swift in Sources */,
			);
			runOnlyForDeploymentPostprocessing = 0;
		};
/* End PBXSourcesBuildPhase section */

/* Begin PBXTargetDependency section */
		6218086E26B13F150011A290 /* PBXTargetDependency */ = {
			isa = PBXTargetDependency;
			target = 6218085526B13F120011A290 /* rxflow-test */;
			targetProxy = 6218086D26B13F150011A290 /* PBXContainerItemProxy */;
		};
		6218087926B13F150011A290 /* PBXTargetDependency */ = {
			isa = PBXTargetDependency;
			target = 6218085526B13F120011A290 /* rxflow-test */;
			targetProxy = 6218087826B13F150011A290 /* PBXContainerItemProxy */;
		};
/* End PBXTargetDependency section */

/* Begin PBXVariantGroup section */
		6218086426B13F150011A290 /* LaunchScreen.storyboard */ = {
			isa = PBXVariantGroup;
			children = (
				6218086526B13F150011A290 /* Base */,
			);
			name = LaunchScreen.storyboard;
			sourceTree = "<group>";
		};
/* End PBXVariantGroup section */

/* Begin XCBuildConfiguration section */
		6218087E26B13F150011A290 /* Debug */ = {
			isa = XCBuildConfiguration;
			buildSettings = {
				ALWAYS_SEARCH_USER_PATHS = NO;
				CLANG_ANALYZER_NONNULL = YES;
				CLANG_ANALYZER_NUMBER_OBJECT_CONVERSION = YES_AGGRESSIVE;
				CLANG_CXX_LANGUAGE_STANDARD = "gnu++14";
				CLANG_CXX_LIBRARY = "libc++";
				CLANG_ENABLE_MODULES = YES;
				CLANG_ENABLE_OBJC_ARC = YES;
				CLANG_ENABLE_OBJC_WEAK = YES;
				CLANG_WARN_BLOCK_CAPTURE_AUTORELEASING = YES;
				CLANG_WARN_BOOL_CONVERSION = YES;
				CLANG_WARN_COMMA = YES;
				CLANG_WARN_CONSTANT_CONVERSION = YES;
				CLANG_WARN_DEPRECATED_OBJC_IMPLEMENTATIONS = YES;
				CLANG_WARN_DIRECT_OBJC_ISA_USAGE = YES_ERROR;
				CLANG_WARN_DOCUMENTATION_COMMENTS = YES;
				CLANG_WARN_EMPTY_BODY = YES;
				CLANG_WARN_ENUM_CONVERSION = YES;
				CLANG_WARN_INFINITE_RECURSION = YES;
				CLANG_WARN_INT_CONVERSION = YES;
				CLANG_WARN_NON_LITERAL_NULL_CONVERSION = YES;
				CLANG_WARN_OBJC_IMPLICIT_RETAIN_SELF = YES;
				CLANG_WARN_OBJC_LITERAL_CONVERSION = YES;
				CLANG_WARN_OBJC_ROOT_CLASS = YES_ERROR;
				CLANG_WARN_QUOTED_INCLUDE_IN_FRAMEWORK_HEADER = YES;
				CLANG_WARN_RANGE_LOOP_ANALYSIS = YES;
				CLANG_WARN_STRICT_PROTOTYPES = YES;
				CLANG_WARN_SUSPICIOUS_MOVE = YES;
				CLANG_WARN_UNGUARDED_AVAILABILITY = YES_AGGRESSIVE;
				CLANG_WARN_UNREACHABLE_CODE = YES;
				CLANG_WARN__DUPLICATE_METHOD_MATCH = YES;
				COPY_PHASE_STRIP = NO;
				DEBUG_INFORMATION_FORMAT = dwarf;
				ENABLE_STRICT_OBJC_MSGSEND = YES;
				ENABLE_TESTABILITY = YES;
				GCC_C_LANGUAGE_STANDARD = gnu11;
				GCC_DYNAMIC_NO_PIC = NO;
				GCC_NO_COMMON_BLOCKS = YES;
				GCC_OPTIMIZATION_LEVEL = 0;
				GCC_PREPROCESSOR_DEFINITIONS = (
					"DEBUG=1",
					"$(inherited)",
				);
				GCC_WARN_64_TO_32_BIT_CONVERSION = YES;
				GCC_WARN_ABOUT_RETURN_TYPE = YES_ERROR;
				GCC_WARN_UNDECLARED_SELECTOR = YES;
				GCC_WARN_UNINITIALIZED_AUTOS = YES_AGGRESSIVE;
				GCC_WARN_UNUSED_FUNCTION = YES;
				GCC_WARN_UNUSED_VARIABLE = YES;
				IPHONEOS_DEPLOYMENT_TARGET = 14.5;
				MTL_ENABLE_DEBUG_INFO = INCLUDE_SOURCE;
				MTL_FAST_MATH = YES;
				ONLY_ACTIVE_ARCH = YES;
				SDKROOT = iphoneos;
				SWIFT_ACTIVE_COMPILATION_CONDITIONS = DEBUG;
				SWIFT_OPTIMIZATION_LEVEL = "-Onone";
			};
			name = Debug;
		};
		6218087F26B13F150011A290 /* Release */ = {
			isa = XCBuildConfiguration;
			buildSettings = {
				ALWAYS_SEARCH_USER_PATHS = NO;
				CLANG_ANALYZER_NONNULL = YES;
				CLANG_ANALYZER_NUMBER_OBJECT_CONVERSION = YES_AGGRESSIVE;
				CLANG_CXX_LANGUAGE_STANDARD = "gnu++14";
				CLANG_CXX_LIBRARY = "libc++";
				CLANG_ENABLE_MODULES = YES;
				CLANG_ENABLE_OBJC_ARC = YES;
				CLANG_ENABLE_OBJC_WEAK = YES;
				CLANG_WARN_BLOCK_CAPTURE_AUTORELEASING = YES;
				CLANG_WARN_BOOL_CONVERSION = YES;
				CLANG_WARN_COMMA = YES;
				CLANG_WARN_CONSTANT_CONVERSION = YES;
				CLANG_WARN_DEPRECATED_OBJC_IMPLEMENTATIONS = YES;
				CLANG_WARN_DIRECT_OBJC_ISA_USAGE = YES_ERROR;
				CLANG_WARN_DOCUMENTATION_COMMENTS = YES;
				CLANG_WARN_EMPTY_BODY = YES;
				CLANG_WARN_ENUM_CONVERSION = YES;
				CLANG_WARN_INFINITE_RECURSION = YES;
				CLANG_WARN_INT_CONVERSION = YES;
				CLANG_WARN_NON_LITERAL_NULL_CONVERSION = YES;
				CLANG_WARN_OBJC_IMPLICIT_RETAIN_SELF = YES;
				CLANG_WARN_OBJC_LITERAL_CONVERSION = YES;
				CLANG_WARN_OBJC_ROOT_CLASS = YES_ERROR;
				CLANG_WARN_QUOTED_INCLUDE_IN_FRAMEWORK_HEADER = YES;
				CLANG_WARN_RANGE_LOOP_ANALYSIS = YES;
				CLANG_WARN_STRICT_PROTOTYPES = YES;
				CLANG_WARN_SUSPICIOUS_MOVE = YES;
				CLANG_WARN_UNGUARDED_AVAILABILITY = YES_AGGRESSIVE;
				CLANG_WARN_UNREACHABLE_CODE = YES;
				CLANG_WARN__DUPLICATE_METHOD_MATCH = YES;
				COPY_PHASE_STRIP = NO;
				DEBUG_INFORMATION_FORMAT = "dwarf-with-dsym";
				ENABLE_NS_ASSERTIONS = NO;
				ENABLE_STRICT_OBJC_MSGSEND = YES;
				GCC_C_LANGUAGE_STANDARD = gnu11;
				GCC_NO_COMMON_BLOCKS = YES;
				GCC_WARN_64_TO_32_BIT_CONVERSION = YES;
				GCC_WARN_ABOUT_RETURN_TYPE = YES_ERROR;
				GCC_WARN_UNDECLARED_SELECTOR = YES;
				GCC_WARN_UNINITIALIZED_AUTOS = YES_AGGRESSIVE;
				GCC_WARN_UNUSED_FUNCTION = YES;
				GCC_WARN_UNUSED_VARIABLE = YES;
				IPHONEOS_DEPLOYMENT_TARGET = 14.5;
				MTL_ENABLE_DEBUG_INFO = NO;
				MTL_FAST_MATH = YES;
				SDKROOT = iphoneos;
				SWIFT_COMPILATION_MODE = wholemodule;
				SWIFT_OPTIMIZATION_LEVEL = "-O";
				VALIDATE_PRODUCT = YES;
			};
			name = Release;
		};
		6218088126B13F150011A290 /* Debug */ = {
			isa = XCBuildConfiguration;
			baseConfigurationReference = B42E9FACCC6738E571E9B03D /* Pods-rxflow-test.debug.xcconfig */;
			buildSettings = {
				ASSETCATALOG_COMPILER_APPICON_NAME = AppIcon;
				ASSETCATALOG_COMPILER_GLOBAL_ACCENT_COLOR_NAME = AccentColor;
				CODE_SIGN_STYLE = Automatic;
				DEVELOPMENT_TEAM = Q23JLSJCCV;
				INFOPLIST_FILE = "rxflow-test/SupportingFiles/Info.plist";
				LD_RUNPATH_SEARCH_PATHS = (
					"$(inherited)",
					"@executable_path/Frameworks",
				);
				PRODUCT_BUNDLE_IDENTIFIER = "kr.hs.dgsw.rxflow-test";
				PRODUCT_NAME = "$(TARGET_NAME)";
				SWIFT_VERSION = 5.0;
				TARGETED_DEVICE_FAMILY = "1,2";
			};
			name = Debug;
		};
		6218088226B13F150011A290 /* Release */ = {
			isa = XCBuildConfiguration;
			baseConfigurationReference = A765D3103206E40C81B55B8E /* Pods-rxflow-test.release.xcconfig */;
			buildSettings = {
				ASSETCATALOG_COMPILER_APPICON_NAME = AppIcon;
				ASSETCATALOG_COMPILER_GLOBAL_ACCENT_COLOR_NAME = AccentColor;
				CODE_SIGN_STYLE = Automatic;
				DEVELOPMENT_TEAM = Q23JLSJCCV;
				INFOPLIST_FILE = "rxflow-test/SupportingFiles/Info.plist";
				LD_RUNPATH_SEARCH_PATHS = (
					"$(inherited)",
					"@executable_path/Frameworks",
				);
				PRODUCT_BUNDLE_IDENTIFIER = "kr.hs.dgsw.rxflow-test";
				PRODUCT_NAME = "$(TARGET_NAME)";
				SWIFT_VERSION = 5.0;
				TARGETED_DEVICE_FAMILY = "1,2";
			};
			name = Release;
		};
		6218088426B13F150011A290 /* Debug */ = {
			isa = XCBuildConfiguration;
			baseConfigurationReference = F36A62A8844F3BF17AEB003B /* Pods-rxflow-testTests.debug.xcconfig */;
			buildSettings = {
				ALWAYS_EMBED_SWIFT_STANDARD_LIBRARIES = YES;
				BUNDLE_LOADER = "$(TEST_HOST)";
				CODE_SIGN_STYLE = Automatic;
				DEVELOPMENT_TEAM = Q23JLSJCCV;
				INFOPLIST_FILE = "rxflow-testTests/Info.plist";
				IPHONEOS_DEPLOYMENT_TARGET = 14.5;
				LD_RUNPATH_SEARCH_PATHS = (
					"$(inherited)",
					"@executable_path/Frameworks",
					"@loader_path/Frameworks",
				);
				PRODUCT_BUNDLE_IDENTIFIER = "kr.hs.dgsw.rxflow-testTests";
				PRODUCT_NAME = "$(TARGET_NAME)";
				SWIFT_VERSION = 5.0;
				TARGETED_DEVICE_FAMILY = "1,2";
				TEST_HOST = "$(BUILT_PRODUCTS_DIR)/rxflow-test.app/rxflow-test";
			};
			name = Debug;
		};
		6218088526B13F150011A290 /* Release */ = {
			isa = XCBuildConfiguration;
			baseConfigurationReference = 3560D73781BF0AB08701F104 /* Pods-rxflow-testTests.release.xcconfig */;
			buildSettings = {
				ALWAYS_EMBED_SWIFT_STANDARD_LIBRARIES = YES;
				BUNDLE_LOADER = "$(TEST_HOST)";
				CODE_SIGN_STYLE = Automatic;
				DEVELOPMENT_TEAM = Q23JLSJCCV;
				INFOPLIST_FILE = "rxflow-testTests/Info.plist";
				IPHONEOS_DEPLOYMENT_TARGET = 14.5;
				LD_RUNPATH_SEARCH_PATHS = (
					"$(inherited)",
					"@executable_path/Frameworks",
					"@loader_path/Frameworks",
				);
				PRODUCT_BUNDLE_IDENTIFIER = "kr.hs.dgsw.rxflow-testTests";
				PRODUCT_NAME = "$(TARGET_NAME)";
				SWIFT_VERSION = 5.0;
				TARGETED_DEVICE_FAMILY = "1,2";
				TEST_HOST = "$(BUILT_PRODUCTS_DIR)/rxflow-test.app/rxflow-test";
			};
			name = Release;
		};
		6218088726B13F150011A290 /* Debug */ = {
			isa = XCBuildConfiguration;
			baseConfigurationReference = D7727676CC564F9761DE9266 /* Pods-rxflow-test-rxflow-testUITests.debug.xcconfig */;
			buildSettings = {
				ALWAYS_EMBED_SWIFT_STANDARD_LIBRARIES = YES;
				CODE_SIGN_STYLE = Automatic;
				DEVELOPMENT_TEAM = Q23JLSJCCV;
				INFOPLIST_FILE = "rxflow-testUITests/Info.plist";
				LD_RUNPATH_SEARCH_PATHS = (
					"$(inherited)",
					"@executable_path/Frameworks",
					"@loader_path/Frameworks",
				);
				PRODUCT_BUNDLE_IDENTIFIER = "kr.hs.dgsw.rxflow-testUITests";
				PRODUCT_NAME = "$(TARGET_NAME)";
				SWIFT_VERSION = 5.0;
				TARGETED_DEVICE_FAMILY = "1,2";
				TEST_TARGET_NAME = "rxflow-test";
			};
			name = Debug;
		};
		6218088826B13F150011A290 /* Release */ = {
			isa = XCBuildConfiguration;
			baseConfigurationReference = 67B8BF8A08E41D01C152666C /* Pods-rxflow-test-rxflow-testUITests.release.xcconfig */;
			buildSettings = {
				ALWAYS_EMBED_SWIFT_STANDARD_LIBRARIES = YES;
				CODE_SIGN_STYLE = Automatic;
				DEVELOPMENT_TEAM = Q23JLSJCCV;
				INFOPLIST_FILE = "rxflow-testUITests/Info.plist";
				LD_RUNPATH_SEARCH_PATHS = (
					"$(inherited)",
					"@executable_path/Frameworks",
					"@loader_path/Frameworks",
				);
				PRODUCT_BUNDLE_IDENTIFIER = "kr.hs.dgsw.rxflow-testUITests";
				PRODUCT_NAME = "$(TARGET_NAME)";
				SWIFT_VERSION = 5.0;
				TARGETED_DEVICE_FAMILY = "1,2";
				TEST_TARGET_NAME = "rxflow-test";
			};
			name = Release;
		};
/* End XCBuildConfiguration section */

/* Begin XCConfigurationList section */
		6218085126B13F120011A290 /* Build configuration list for PBXProject "rxflow-test" */ = {
			isa = XCConfigurationList;
			buildConfigurations = (
				6218087E26B13F150011A290 /* Debug */,
				6218087F26B13F150011A290 /* Release */,
			);
			defaultConfigurationIsVisible = 0;
			defaultConfigurationName = Release;
		};
		6218088026B13F150011A290 /* Build configuration list for PBXNativeTarget "rxflow-test" */ = {
			isa = XCConfigurationList;
			buildConfigurations = (
				6218088126B13F150011A290 /* Debug */,
				6218088226B13F150011A290 /* Release */,
			);
			defaultConfigurationIsVisible = 0;
			defaultConfigurationName = Release;
		};
		6218088326B13F150011A290 /* Build configuration list for PBXNativeTarget "rxflow-testTests" */ = {
			isa = XCConfigurationList;
			buildConfigurations = (
				6218088426B13F150011A290 /* Debug */,
				6218088526B13F150011A290 /* Release */,
			);
			defaultConfigurationIsVisible = 0;
			defaultConfigurationName = Release;
		};
		6218088626B13F150011A290 /* Build configuration list for PBXNativeTarget "rxflow-testUITests" */ = {
			isa = XCConfigurationList;
			buildConfigurations = (
				6218088726B13F150011A290 /* Debug */,
				6218088826B13F150011A290 /* Release */,
			);
			defaultConfigurationIsVisible = 0;
			defaultConfigurationName = Release;
		};
/* End XCConfigurationList section */
	};
	rootObject = 6218084E26B13F120011A290 /* Project object */;
}
