// !$*UTF8*$!
{
	archiveVersion = 1;
	classes = {
	};
	objectVersion = 50;
	objects = {

/* Begin PBXBuildFile section */
		6218085A26B13F120011A290 /* AppDelegate.swift in Sources */ = {isa = PBXBuildFile; fileRef = 6218085926B13F120011A290 /* AppDelegate.swift */; };
		6218085C26B13F120011A290 /* SceneDelegate.swift in Sources */ = {isa = PBXBuildFile; fileRef = 6218085B26B13F120011A290 /* SceneDelegate.swift */; };
		6218085E26B13F120011A290 /* ViewController.swift in Sources */ = {isa = PBXBuildFile; fileRef = 6218085D26B13F120011A290 /* ViewController.swift */; };
		6218086126B13F120011A290 /* Main.storyboard in Resources */ = {isa = PBXBuildFile; fileRef = 6218085F26B13F120011A290 /* Main.storyboard */; };
		6218086326B13F150011A290 /* Assets.xcassets in Resources */ = {isa = PBXBuildFile; fileRef = 6218086226B13F150011A290 /* Assets.xcassets */; };
		6218086626B13F150011A290 /* LaunchScreen.storyboard in Resources */ = {isa = PBXBuildFile; fileRef = 6218086426B13F150011A290 /* LaunchScreen.storyboard */; };
		6218087126B13F150011A290 /* rxflow_testTests.swift in Sources */ = {isa = PBXBuildFile; fileRef = 6218087026B13F150011A290 /* rxflow_testTests.swift */; };
		6218087C26B13F150011A290 /* rxflow_testUITests.swift in Sources */ = {isa = PBXBuildFile; fileRef = 6218087B26B13F150011A290 /* rxflow_testUITests.swift */; };
/* End PBXBuildFile section */

/* Begin PBXContainerItemProxy section */
		6218086D26B13F150011A290 /* PBXContainerItemProxy */ = {
			isa = PBXContainerItemProxy;
			containerPortal = 6218084E26B13F120011A290 /* Project object */;
			proxyType = 1;
			remoteGlobalIDString = 6218085526B13F120011A290;
			remoteInfo = "rxflow-test";
		};
		6218087826B13F150011A290 /* PBXContainerItemProxy */ = {
			isa = PBXContainerItemProxy;
			containerPortal = 6218084E26B13F120011A290 /* Project object */;
			proxyType = 1;
			remoteGlobalIDString = 6218085526B13F120011A290;
			remoteInfo = "rxflow-test";
		};
/* End PBXContainerItemProxy section */

/* Begin PBXFileReference section */
		6218085626B13F120011A290 /* rxflow-test.app */ = {isa = PBXFileReference; explicitFileType = wrapper.application; includeInIndex = 0; path = "rxflow-test.app"; sourceTree = BUILT_PRODUCTS_DIR; };
		6218085926B13F120011A290 /* AppDelegate.swift */ = {isa = PBXFileReference; lastKnownFileType = sourcecode.swift; path = AppDelegate.swift; sourceTree = "<group>"; };
		6218085B26B13F120011A290 /* SceneDelegate.swift */ = {isa = PBXFileReference; lastKnownFileType = sourcecode.swift; path = SceneDelegate.swift; sourceTree = "<group>"; };
		6218085D26B13F120011A290 /* ViewController.swift */ = {isa = PBXFileReference; lastKnownFileType = sourcecode.swift; path = ViewController.swift; sourceTree = "<group>"; };
		6218086026B13F120011A290 /* Base */ = {isa = PBXFileReference; lastKnownFileType = file.storyboard; name = Base; path = Base.lproj/Main.storyboard; sourceTree = "<group>"; };
		6218086226B13F150011A290 /* Assets.xcassets */ = {isa = PBXFileReference; lastKnownFileType = folder.assetcatalog; path = Assets.xcassets; sourceTree = "<group>"; };
		6218086526B13F150011A290 /* Base */ = {isa = PBXFileReference; lastKnownFileType = file.storyboard; name = Base; path = Base.lproj/LaunchScreen.storyboard; sourceTree = "<group>"; };
		6218086726B13F150011A290 /* Info.plist */ = {isa = PBXFileReference; lastKnownFileType = text.plist.xml; path = Info.plist; sourceTree = "<group>"; };
		6218086C26B13F150011A290 /* rxflow-testTests.xctest */ = {isa = PBXFileReference; explicitFileType = wrapper.cfbundle; includeInIndex = 0; path = "rxflow-testTests.xctest"; sourceTree = BUILT_PRODUCTS_DIR; };
		6218087026B13F150011A290 /* rxflow_testTests.swift */ = {isa = PBXFileReference; lastKnownFileType = sourcecode.swift; path = rxflow_testTests.swift; sourceTree = "<group>"; };
		6218087226B13F150011A290 /* Info.plist */ = {isa = PBXFileReference; lastKnownFileType = text.plist.xml; path = Info.plist; sourceTree = "<group>"; };
		6218087726B13F150011A290 /* rxflow-testUITests.xctest */ = {isa = PBXFileReference; explicitFileType = wrapper.cfbundle; includeInIndex = 0; path = "rxflow-testUITests.xctest"; sourceTree = BUILT_PRODUCTS_DIR; };
		6218087B26B13F150011A290 /* rxflow_testUITests.swift */ = {isa = PBXFileReference; lastKnownFileType = sourcecode.swift; path = rxflow_testUITests.swift; sourceTree = "<group>"; };
		6218087D26B13F150011A290 /* Info.plist */ = {isa = PBXFileReference; lastKnownFileType = text.plist.xml; path = Info.plist; sourceTree = "<group>"; };
/* End PBXFileReference section */

/* Begin PBXFrameworksBuildPhase section */
		6218085326B13F120011A290 /* Frameworks */ = {
			isa = PBXFrameworksBuildPhase;
			buildActionMask = 2147483647;
			files = (
			);
			runOnlyForDeploymentPostprocessing = 0;
		};
		6218086926B13F150011A290 /* Frameworks */ = {
			isa = PBXFrameworksBuildPhase;
			buildActionMask = 2147483647;
			files = (
			);
			runOnlyForDeploymentPostprocessing = 0;
		};
		6218087426B13F150011A290 /* Frameworks */ = {
			isa = PBXFrameworksBuildPhase;
			buildActionMask = 2147483647;
			files = (
			);
			runOnlyForDeploymentPostprocessing = 0;
		};
/* End PBXFrameworksBuildPhase section */

/* Begin PBXGroup section */
		6218084D26B13F120011A290 = {
			isa = PBXGroup;
			children = (
				6218085826B13F120011A290 /* rxflow-test */,
				6218086F26B13F150011A290 /* rxflow-testTests */,
				6218087A26B13F150011A290 /* rxflow-testUITests */,
				6218085726B13F120011A290 /* Products */,
			);
			sourceTree = "<group>";
		};
		6218085726B13F120011A290 /* Products */ = {
			isa = PBXGroup;
			children = (
				6218085626B13F120011A290 /* rxflow-test.app */,
				6218086C26B13F150011A290 /* rxflow-testTests.xctest */,
				6218087726B13F150011A290 /* rxflow-testUITests.xctest */,
			);
			name = Products;
			sourceTree = "<group>";
		};
		6218085826B13F120011A290 /* rxflow-test */ = {
			isa = PBXGroup;
			children = (
				6218085926B13F120011A290 /* AppDelegate.swift */,
				6218085B26B13F120011A290 /* SceneDelegate.swift */,
				6218085D26B13F120011A290 /* ViewController.swift */,
				6218085F26B13F120011A290 /* Main.storyboard */,
				6218086226B13F150011A290 /* Assets.xcassets */,
				6218086426B13F150011A290 /* LaunchScreen.storyboard */,
				6218086726B13F150011A290 /* Info.plist */,
			);
			path = "rxflow-test";
			sourceTree = "<group>";
		};
		6218086F26B13F150011A290 /* rxflow-testTests */ = {
			isa = PBXGroup;
			children = (
				6218087026B13F150011A290 /* rxflow_testTests.swift */,
				6218087226B13F150011A290 /* Info.plist */,
			);
			path = "rxflow-testTests";
			sourceTree = "<group>";
		};
		6218087A26B13F150011A290 /* rxflow-testUITests */ = {
			isa = PBXGroup;
			children = (
				6218087B26B13F150011A290 /* rxflow_testUITests.swift */,
				6218087D26B13F150011A290 /* Info.plist */,
			);
			path = "rxflow-testUITests";
			sourceTree = "<group>";
		};
/* End PBXGroup section */

/* Begin PBXNativeTarget section */
		6218085526B13F120011A290 /* rxflow-test */ = {
			isa = PBXNativeTarget;
			buildConfigurationList = 6218088026B13F150011A290 /* Build configuration list for PBXNativeTarget "rxflow-test" */;
			buildPhases = (
				6218085226B13F120011A290 /* Sources */,
				6218085326B13F120011A290 /* Frameworks */,
				6218085426B13F120011A290 /* Resources */,
			);
			buildRules = (
			);
			dependencies = (
			);
			name = "rxflow-test";
			productName = "rxflow-test";
			productReference = 6218085626B13F120011A290 /* rxflow-test.app */;
			productType = "com.apple.product-type.application";
		};
		6218086B26B13F150011A290 /* rxflow-testTests */ = {
			isa = PBXNativeTarget;
			buildConfigurationList = 6218088326B13F150011A290 /* Build configuration list for PBXNativeTarget "rxflow-testTests" */;
			buildPhases = (
				6218086826B13F150011A290 /* Sources */,
				6218086926B13F150011A290 /* Frameworks */,
				6218086A26B13F150011A290 /* Resources */,
			);
			buildRules = (
			);
			dependencies = (
				6218086E26B13F150011A290 /* PBXTargetDependency */,
			);
			name = "rxflow-testTests";
			productName = "rxflow-testTests";
			productReference = 6218086C26B13F150011A290 /* rxflow-testTests.xctest */;
			productType = "com.apple.product-type.bundle.unit-test";
		};
		6218087626B13F150011A290 /* rxflow-testUITests */ = {
			isa = PBXNativeTarget;
			buildConfigurationList = 6218088626B13F150011A290 /* Build configuration list for PBXNativeTarget "rxflow-testUITests" */;
			buildPhases = (
				6218087326B13F150011A290 /* Sources */,
				6218087426B13F150011A290 /* Frameworks */,
				6218087526B13F150011A290 /* Resources */,
			);
			buildRules = (
			);
			dependencies = (
				6218087926B13F150011A290 /* PBXTargetDependency */,
			);
			name = "rxflow-testUITests";
			productName = "rxflow-testUITests";
			productReference = 6218087726B13F150011A290 /* rxflow-testUITests.xctest */;
			productType = "com.apple.product-type.bundle.ui-testing";
		};
/* End PBXNativeTarget section */

/* Begin PBXProject section */
		6218084E26B13F120011A290 /* Project object */ = {
			isa = PBXProject;
			attributes = {
				LastSwiftUpdateCheck = 1250;
				LastUpgradeCheck = 1250;
				TargetAttributes = {
					6218085526B13F120011A290 = {
						CreatedOnToolsVersion = 12.5.1;
					};
					6218086B26B13F150011A290 = {
						CreatedOnToolsVersion = 12.5.1;
						TestTargetID = 6218085526B13F120011A290;
					};
					6218087626B13F150011A290 = {
						CreatedOnToolsVersion = 12.5.1;
						TestTargetID = 6218085526B13F120011A290;
					};
				};
			};
			buildConfigurationList = 6218085126B13F120011A290 /* Build configuration list for PBXProject "rxflow-test" */;
			compatibilityVersion = "Xcode 9.3";
			developmentRegion = en;
			hasScannedForEncodings = 0;
			knownRegions = (
				en,
				Base,
			);
			mainGroup = 6218084D26B13F120011A290;
			productRefGroup = 6218085726B13F120011A290 /* Products */;
			projectDirPath = "";
			projectRoot = "";
			targets = (
				6218085526B13F120011A290 /* rxflow-test */,
				6218086B26B13F150011A290 /* rxflow-testTests */,
				6218087626B13F150011A290 /* rxflow-testUITests */,
			);
		};
/* End PBXProject section */

/* Begin PBXResourcesBuildPhase section */
		6218085426B13F120011A290 /* Resources */ = {
			isa = PBXResourcesBuildPhase;
			buildActionMask = 2147483647;
			files = (
				6218086626B13F150011A290 /* LaunchScreen.storyboard in Resources */,
				6218086326B13F150011A290 /* Assets.xcassets in Resources */,
				6218086126B13F120011A290 /* Main.storyboard in Resources */,
			);
			runOnlyForDeploymentPostprocessing = 0;
		};
		6218086A26B13F150011A290 /* Resources */ = {
			isa = PBXResourcesBuildPhase;
			buildActionMask = 2147483647;
			files = (
			);
			runOnlyForDeploymentPostprocessing = 0;
		};
		6218087526B13F150011A290 /* Resources */ = {
			isa = PBXResourcesBuildPhase;
			buildActionMask = 2147483647;
			files = (
			);
			runOnlyForDeploymentPostprocessing = 0;
		};
/* End PBXResourcesBuildPhase section */

/* Begin PBXSourcesBuildPhase section */
		6218085226B13F120011A290 /* Sources */ = {
			isa = PBXSourcesBuildPhase;
			buildActionMask = 2147483647;
			files = (
				6218085E26B13F120011A290 /* ViewController.swift in Sources */,
				6218085A26B13F120011A290 /* AppDelegate.swift in Sources */,
				6218085C26B13F120011A290 /* SceneDelegate.swift in Sources */,
			);
			runOnlyForDeploymentPostprocessing = 0;
		};
		6218086826B13F150011A290 /* Sources */ = {
			isa = PBXSourcesBuildPhase;
			buildActionMask = 2147483647;
			files = (
				6218087126B13F150011A290 /* rxflow_testTests.swift in Sources */,
			);
			runOnlyForDeploymentPostprocessing = 0;
		};
		6218087326B13F150011A290 /* Sources */ = {
			isa = PBXSourcesBuildPhase;
			buildActionMask = 2147483647;
			files = (
				6218087C26B13F150011A290 /* rxflow_testUITests.swift in Sources */,
			);
			runOnlyForDeploymentPostprocessing = 0;
		};
/* End PBXSourcesBuildPhase section */

/* Begin PBXTargetDependency section */
		6218086E26B13F150011A290 /* PBXTargetDependency */ = {
			isa = PBXTargetDependency;
			target = 6218085526B13F120011A290 /* rxflow-test */;
			targetProxy = 6218086D26B13F150011A290 /* PBXContainerItemProxy */;
		};
		6218087926B13F150011A290 /* PBXTargetDependency */ = {
			isa = PBXTargetDependency;
			target = 6218085526B13F120011A290 /* rxflow-test */;
			targetProxy = 6218087826B13F150011A290 /* PBXContainerItemProxy */;
		};
/* End PBXTargetDependency section */

/* Begin PBXVariantGroup section */
		6218085F26B13F120011A290 /* Main.storyboard */ = {
			isa = PBXVariantGroup;
			children = (
				6218086026B13F120011A290 /* Base */,
			);
			name = Main.storyboard;
			sourceTree = "<group>";
		};
		6218086426B13F150011A290 /* LaunchScreen.storyboard */ = {
			isa = PBXVariantGroup;
			children = (
				6218086526B13F150011A290 /* Base */,
			);
			name = LaunchScreen.storyboard;
			sourceTree = "<group>";
		};
/* End PBXVariantGroup section */

/* Begin XCBuildConfiguration section */
		6218087E26B13F150011A290 /* Debug */ = {
			isa = XCBuildConfiguration;
			buildSettings = {
				ALWAYS_SEARCH_USER_PATHS = NO;
				CLANG_ANALYZER_NONNULL = YES;
				CLANG_ANALYZER_NUMBER_OBJECT_CONVERSION = YES_AGGRESSIVE;
				CLANG_CXX_LANGUAGE_STANDARD = "gnu++14";
				CLANG_CXX_LIBRARY = "libc++";
				CLANG_ENABLE_MODULES = YES;
				CLANG_ENABLE_OBJC_ARC = YES;
				CLANG_ENABLE_OBJC_WEAK = YES;
				CLANG_WARN_BLOCK_CAPTURE_AUTORELEASING = YES;
				CLANG_WARN_BOOL_CONVERSION = YES;
				CLANG_WARN_COMMA = YES;
				CLANG_WARN_CONSTANT_CONVERSION = YES;
				CLANG_WARN_DEPRECATED_OBJC_IMPLEMENTATIONS = YES;
				CLANG_WARN_DIRECT_OBJC_ISA_USAGE = YES_ERROR;
				CLANG_WARN_DOCUMENTATION_COMMENTS = YES;
				CLANG_WARN_EMPTY_BODY = YES;
				CLANG_WARN_ENUM_CONVERSION = YES;
				CLANG_WARN_INFINITE_RECURSION = YES;
				CLANG_WARN_INT_CONVERSION = YES;
				CLANG_WARN_NON_LITERAL_NULL_CONVERSION = YES;
				CLANG_WARN_OBJC_IMPLICIT_RETAIN_SELF = YES;
				CLANG_WARN_OBJC_LITERAL_CONVERSION = YES;
				CLANG_WARN_OBJC_ROOT_CLASS = YES_ERROR;
				CLANG_WARN_QUOTED_INCLUDE_IN_FRAMEWORK_HEADER = YES;
				CLANG_WARN_RANGE_LOOP_ANALYSIS = YES;
				CLANG_WARN_STRICT_PROTOTYPES = YES;
				CLANG_WARN_SUSPICIOUS_MOVE = YES;
				CLANG_WARN_UNGUARDED_AVAILABILITY = YES_AGGRESSIVE;
				CLANG_WARN_UNREACHABLE_CODE = YES;
				CLANG_WARN__DUPLICATE_METHOD_MATCH = YES;
				COPY_PHASE_STRIP = NO;
				DEBUG_INFORMATION_FORMAT = dwarf;
				ENABLE_STRICT_OBJC_MSGSEND = YES;
				ENABLE_TESTABILITY = YES;
				GCC_C_LANGUAGE_STANDARD = gnu11;
				GCC_DYNAMIC_NO_PIC = NO;
				GCC_NO_COMMON_BLOCKS = YES;
				GCC_OPTIMIZATION_LEVEL = 0;
				GCC_PREPROCESSOR_DEFINITIONS = (
					"DEBUG=1",
					"$(inherited)",
				);
				GCC_WARN_64_TO_32_BIT_CONVERSION = YES;
				GCC_WARN_ABOUT_RETURN_TYPE = YES_ERROR;
				GCC_WARN_UNDECLARED_SELECTOR = YES;
				GCC_WARN_UNINITIALIZED_AUTOS = YES_AGGRESSIVE;
				GCC_WARN_UNUSED_FUNCTION = YES;
				GCC_WARN_UNUSED_VARIABLE = YES;
				IPHONEOS_DEPLOYMENT_TARGET = 14.5;
				MTL_ENABLE_DEBUG_INFO = INCLUDE_SOURCE;
				MTL_FAST_MATH = YES;
				ONLY_ACTIVE_ARCH = YES;
				SDKROOT = iphoneos;
				SWIFT_ACTIVE_COMPILATION_CONDITIONS = DEBUG;
				SWIFT_OPTIMIZATION_LEVEL = "-Onone";
			};
			name = Debug;
		};
		6218087F26B13F150011A290 /* Release */ = {
			isa = XCBuildConfiguration;
			buildSettings = {
				ALWAYS_SEARCH_USER_PATHS = NO;
				CLANG_ANALYZER_NONNULL = YES;
				CLANG_ANALYZER_NUMBER_OBJECT_CONVERSION = YES_AGGRESSIVE;
				CLANG_CXX_LANGUAGE_STANDARD = "gnu++14";
				CLANG_CXX_LIBRARY = "libc++";
				CLANG_ENABLE_MODULES = YES;
				CLANG_ENABLE_OBJC_ARC = YES;
				CLANG_ENABLE_OBJC_WEAK = YES;
				CLANG_WARN_BLOCK_CAPTURE_AUTORELEASING = YES;
				CLANG_WARN_BOOL_CONVERSION = YES;
				CLANG_WARN_COMMA = YES;
				CLANG_WARN_CONSTANT_CONVERSION = YES;
				CLANG_WARN_DEPRECATED_OBJC_IMPLEMENTATIONS = YES;
				CLANG_WARN_DIRECT_OBJC_ISA_USAGE = YES_ERROR;
				CLANG_WARN_DOCUMENTATION_COMMENTS = YES;
				CLANG_WARN_EMPTY_BODY = YES;
				CLANG_WARN_ENUM_CONVERSION = YES;
				CLANG_WARN_INFINITE_RECURSION = YES;
				CLANG_WARN_INT_CONVERSION = YES;
				CLANG_WARN_NON_LITERAL_NULL_CONVERSION = YES;
				CLANG_WARN_OBJC_IMPLICIT_RETAIN_SELF = YES;
				CLANG_WARN_OBJC_LITERAL_CONVERSION = YES;
				CLANG_WARN_OBJC_ROOT_CLASS = YES_ERROR;
				CLANG_WARN_QUOTED_INCLUDE_IN_FRAMEWORK_HEADER = YES;
				CLANG_WARN_RANGE_LOOP_ANALYSIS = YES;
				CLANG_WARN_STRICT_PROTOTYPES = YES;
				CLANG_WARN_SUSPICIOUS_MOVE = YES;
				CLANG_WARN_UNGUARDED_AVAILABILITY = YES_AGGRESSIVE;
				CLANG_WARN_UNREACHABLE_CODE = YES;
				CLANG_WARN__DUPLICATE_METHOD_MATCH = YES;
				COPY_PHASE_STRIP = NO;
				DEBUG_INFORMATION_FORMAT = "dwarf-with-dsym";
				ENABLE_NS_ASSERTIONS = NO;
				ENABLE_STRICT_OBJC_MSGSEND = YES;
				GCC_C_LANGUAGE_STANDARD = gnu11;
				GCC_NO_COMMON_BLOCKS = YES;
				GCC_WARN_64_TO_32_BIT_CONVERSION = YES;
				GCC_WARN_ABOUT_RETURN_TYPE = YES_ERROR;
				GCC_WARN_UNDECLARED_SELECTOR = YES;
				GCC_WARN_UNINITIALIZED_AUTOS = YES_AGGRESSIVE;
				GCC_WARN_UNUSED_FUNCTION = YES;
				GCC_WARN_UNUSED_VARIABLE = YES;
				IPHONEOS_DEPLOYMENT_TARGET = 14.5;
				MTL_ENABLE_DEBUG_INFO = NO;
				MTL_FAST_MATH = YES;
				SDKROOT = iphoneos;
				SWIFT_COMPILATION_MODE = wholemodule;
				SWIFT_OPTIMIZATION_LEVEL = "-O";
				VALIDATE_PRODUCT = YES;
			};
			name = Release;
		};
		6218088126B13F150011A290 /* Debug */ = {
			isa = XCBuildConfiguration;
			buildSettings = {
				ASSETCATALOG_COMPILER_APPICON_NAME = AppIcon;
				ASSETCATALOG_COMPILER_GLOBAL_ACCENT_COLOR_NAME = AccentColor;
				CODE_SIGN_STYLE = Automatic;
				DEVELOPMENT_TEAM = Q23JLSJCCV;
				INFOPLIST_FILE = "rxflow-test/Info.plist";
				LD_RUNPATH_SEARCH_PATHS = (
					"$(inherited)",
					"@executable_path/Frameworks",
				);
				PRODUCT_BUNDLE_IDENTIFIER = "kr.hs.dgsw.rxflow-test";
				PRODUCT_NAME = "$(TARGET_NAME)";
				SWIFT_VERSION = 5.0;
				TARGETED_DEVICE_FAMILY = "1,2";
			};
			name = Debug;
		};
		6218088226B13F150011A290 /* Release */ = {
			isa = XCBuildConfiguration;
			buildSettings = {
				ASSETCATALOG_COMPILER_APPICON_NAME = AppIcon;
				ASSETCATALOG_COMPILER_GLOBAL_ACCENT_COLOR_NAME = AccentColor;
				CODE_SIGN_STYLE = Automatic;
				DEVELOPMENT_TEAM = Q23JLSJCCV;
				INFOPLIST_FILE = "rxflow-test/Info.plist";
				LD_RUNPATH_SEARCH_PATHS = (
					"$(inherited)",
					"@executable_path/Frameworks",
				);
				PRODUCT_BUNDLE_IDENTIFIER = "kr.hs.dgsw.rxflow-test";
				PRODUCT_NAME = "$(TARGET_NAME)";
				SWIFT_VERSION = 5.0;
				TARGETED_DEVICE_FAMILY = "1,2";
			};
			name = Release;
		};
		6218088426B13F150011A290 /* Debug */ = {
			isa = XCBuildConfiguration;
			buildSettings = {
				ALWAYS_EMBED_SWIFT_STANDARD_LIBRARIES = YES;
				BUNDLE_LOADER = "$(TEST_HOST)";
				CODE_SIGN_STYLE = Automatic;
				DEVELOPMENT_TEAM = Q23JLSJCCV;
				INFOPLIST_FILE = "rxflow-testTests/Info.plist";
				IPHONEOS_DEPLOYMENT_TARGET = 14.5;
				LD_RUNPATH_SEARCH_PATHS = (
					"$(inherited)",
					"@executable_path/Frameworks",
					"@loader_path/Frameworks",
				);
				PRODUCT_BUNDLE_IDENTIFIER = "kr.hs.dgsw.rxflow-testTests";
				PRODUCT_NAME = "$(TARGET_NAME)";
				SWIFT_VERSION = 5.0;
				TARGETED_DEVICE_FAMILY = "1,2";
				TEST_HOST = "$(BUILT_PRODUCTS_DIR)/rxflow-test.app/rxflow-test";
			};
			name = Debug;
		};
		6218088526B13F150011A290 /* Release */ = {
			isa = XCBuildConfiguration;
			buildSettings = {
				ALWAYS_EMBED_SWIFT_STANDARD_LIBRARIES = YES;
				BUNDLE_LOADER = "$(TEST_HOST)";
				CODE_SIGN_STYLE = Automatic;
				DEVELOPMENT_TEAM = Q23JLSJCCV;
				INFOPLIST_FILE = "rxflow-testTests/Info.plist";
				IPHONEOS_DEPLOYMENT_TARGET = 14.5;
				LD_RUNPATH_SEARCH_PATHS = (
					"$(inherited)",
					"@executable_path/Frameworks",
					"@loader_path/Frameworks",
				);
				PRODUCT_BUNDLE_IDENTIFIER = "kr.hs.dgsw.rxflow-testTests";
				PRODUCT_NAME = "$(TARGET_NAME)";
				SWIFT_VERSION = 5.0;
				TARGETED_DEVICE_FAMILY = "1,2";
				TEST_HOST = "$(BUILT_PRODUCTS_DIR)/rxflow-test.app/rxflow-test";
			};
			name = Release;
		};
		6218088726B13F150011A290 /* Debug */ = {
			isa = XCBuildConfiguration;
			buildSettings = {
				ALWAYS_EMBED_SWIFT_STANDARD_LIBRARIES = YES;
				CODE_SIGN_STYLE = Automatic;
				DEVELOPMENT_TEAM = Q23JLSJCCV;
				INFOPLIST_FILE = "rxflow-testUITests/Info.plist";
				LD_RUNPATH_SEARCH_PATHS = (
					"$(inherited)",
					"@executable_path/Frameworks",
					"@loader_path/Frameworks",
				);
				PRODUCT_BUNDLE_IDENTIFIER = "kr.hs.dgsw.rxflow-testUITests";
				PRODUCT_NAME = "$(TARGET_NAME)";
				SWIFT_VERSION = 5.0;
				TARGETED_DEVICE_FAMILY = "1,2";
				TEST_TARGET_NAME = "rxflow-test";
			};
			name = Debug;
		};
		6218088826B13F150011A290 /* Release */ = {
			isa = XCBuildConfiguration;
			buildSettings = {
				ALWAYS_EMBED_SWIFT_STANDARD_LIBRARIES = YES;
				CODE_SIGN_STYLE = Automatic;
				DEVELOPMENT_TEAM = Q23JLSJCCV;
				INFOPLIST_FILE = "rxflow-testUITests/Info.plist";
				LD_RUNPATH_SEARCH_PATHS = (
					"$(inherited)",
					"@executable_path/Frameworks",
					"@loader_path/Frameworks",
				);
				PRODUCT_BUNDLE_IDENTIFIER = "kr.hs.dgsw.rxflow-testUITests";
				PRODUCT_NAME = "$(TARGET_NAME)";
				SWIFT_VERSION = 5.0;
				TARGETED_DEVICE_FAMILY = "1,2";
				TEST_TARGET_NAME = "rxflow-test";
			};
			name = Release;
		};
/* End XCBuildConfiguration section */

/* Begin XCConfigurationList section */
		6218085126B13F120011A290 /* Build configuration list for PBXProject "rxflow-test" */ = {
			isa = XCConfigurationList;
			buildConfigurations = (
				6218087E26B13F150011A290 /* Debug */,
				6218087F26B13F150011A290 /* Release */,
			);
			defaultConfigurationIsVisible = 0;
			defaultConfigurationName = Release;
		};
		6218088026B13F150011A290 /* Build configuration list for PBXNativeTarget "rxflow-test" */ = {
			isa = XCConfigurationList;
			buildConfigurations = (
				6218088126B13F150011A290 /* Debug */,
				6218088226B13F150011A290 /* Release */,
			);
			defaultConfigurationIsVisible = 0;
			defaultConfigurationName = Release;
		};
		6218088326B13F150011A290 /* Build configuration list for PBXNativeTarget "rxflow-testTests" */ = {
			isa = XCConfigurationList;
			buildConfigurations = (
				6218088426B13F150011A290 /* Debug */,
				6218088526B13F150011A290 /* Release */,
			);
			defaultConfigurationIsVisible = 0;
			defaultConfigurationName = Release;
		};
		6218088626B13F150011A290 /* Build configuration list for PBXNativeTarget "rxflow-testUITests" */ = {
			isa = XCConfigurationList;
			buildConfigurations = (
				6218088726B13F150011A290 /* Debug */,
				6218088826B13F150011A290 /* Release */,
			);
			defaultConfigurationIsVisible = 0;
			defaultConfigurationName = Release;
		};
/* End XCConfigurationList section */
	};
	rootObject = 6218084E26B13F120011A290 /* Project object */;
}
